
Microsoft Visual Studio Solution File, Format Version 12.00
# Visual Studio Version 16
VisualStudioVersion = 16.0.31911.196
MinimumVisualStudioVersion = 10.0.40219.1
Project("{FAE04EC0-301F-11D3-BF4B-00C04F79EFBC}") = "MicrosoftToDoEventMonitor", "MicrosoftToDoEventMonitor\MicrosoftToDoEventMonitor.csproj", "{8AE1D56F-548D-4A4A-AAAC-C30E46325EDD}"
EndProject
Global
	GlobalSection(SolutionConfigurationPlatforms) = preSolution
		Debug|Any CPU = Debug|Any CPU
		Release|Any CPU = Release|Any CPU
	EndGlobalSection
	GlobalSection(ProjectConfigurationPlatforms) = postSolution
		{8AE1D56F-548D-4A4A-AAAC-C30E46325EDD}.Debug|Any CPU.ActiveCfg = Debug|Any CPU
		{8AE1D56F-548D-4A4A-AAAC-C30E46325EDD}.Debug|Any CPU.Build.0 = Debug|Any CPU
		{8AE1D56F-548D-4A4A-AAAC-C30E46325EDD}.Release|Any CPU.ActiveCfg = Release|Any CPU
		{8AE1D56F-548D-4A4A-AAAC-C30E46325EDD}.Release|Any CPU.Build.0 = Release|Any CPU
	EndGlobalSection
	GlobalSection(SolutionProperties) = preSolution
		HideSolutionNode = FALSE
	EndGlobalSection
	GlobalSection(ExtensibilityGlobals) = postSolution
		SolutionGuid = {2FD89FCD-A5C5-45DA-B740-80FC1EFF729A}
	EndGlobalSection
EndGlobal
